
Microsoft Visual Studio Solution File, Format Version 12.00
# Visual Studio Version 16
VisualStudioVersion = 16.0.30413.136
MinimumVisualStudioVersion = 10.0.40219.1
Project("{FAE04EC0-301F-11D3-BF4B-00C04F79EFBC}") = "BarbieWorld", "BarbieWorld.csproj", "{1997BB2C-DC96-4F65-8D11-CB697157B991}"
EndProject
Global
	GlobalSection(SolutionConfigurationPlatforms) = preSolution
		Debug|Any CPU = Debug|Any CPU
		Release|Any CPU = Release|Any CPU
	EndGlobalSection
	GlobalSection(ProjectConfigurationPlatforms) = postSolution
		{1997BB2C-DC96-4F65-8D11-CB697157B991}.Debug|Any CPU.ActiveCfg = Debug|Any CPU
		{1997BB2C-DC96-4F65-8D11-CB697157B991}.Debug|Any CPU.Build.0 = Debug|Any CPU
		{1997BB2C-DC96-4F65-8D11-CB697157B991}.Release|Any CPU.ActiveCfg = Release|Any CPU
		{1997BB2C-DC96-4F65-8D11-CB697157B991}.Release|Any CPU.Build.0 = Release|Any CPU
	EndGlobalSection
	GlobalSection(SolutionProperties) = preSolution
		HideSolutionNode = FALSE
	EndGlobalSection
	GlobalSection(ExtensibilityGlobals) = postSolution
		SolutionGuid = {873F3588-81C7-4C56-B175-F4359AED7A45}
	EndGlobalSection
EndGlobal
